{
  "name": "countiresData-main",
  "lockfileVersion": 3,
  "requires": true,
  "packages": {
    "": {
      "dependencies": {
        "mobx": "^6.13.7"
      }
    },
    "node_modules/mobx": {
      "version": "6.13.7",
      "resolved": "https://registry.npmjs.org/mobx/-/mobx-6.13.7.tgz",
      "integrity": "sha512-aChaVU/DO5aRPmk1GX8L+whocagUUpBQqoPtJk+cm7UOXUk87J4PeWCh6nNmTTIfEhiR9DI/+FnA8dln/hTK7g==",
      "funding": {
        "type": "opencollective",
        "url": "https://opencollective.com/mobx"
      }
    }
  }
}
